PODS:
  - NcursesKit (0.1.0)
  - Nimble (3.2.0)
  - Quick (0.9.2)

DEPENDENCIES:
  - NcursesKit (from `../`)
  - Nimble (~> 3.0)
  - Quick (~> 0.8)

EXTERNAL SOURCES:
  NcursesKit:
    :path: "../"

SPEC CHECKSUMS:
  NcursesKit: 44dc3e6d26a285e5a7db5be0a78868fe1c65b951
  Nimble: 703854335d181df169bbca9c97117b5cf8c47c1d
  Quick: 18d057bc66451eedd5d1c8dc99ba2a5db6e60226

PODFILE CHECKSUM: 3147c7c4311359eb4fdadffcf493c6368c03d5ae

COCOAPODS: 1.0.1
